// !$*UTF8*$!
{
	archiveVersion = 1;
	classes = {
	};
	objectVersion = 46;
	objects = {

/* Begin PBXBuildFile section */
		4A16ADAC1977F1A100BDE4D8 /* ViewControllerHomeScreen.m in Sources */ = {isa = PBXBuildFile; fileRef = 4A16ADAB1977F1A100BDE4D8 /* ViewControllerHomeScreen.m */; };
		4A16ADAF1977F1C800BDE4D8 /* ViewControllerLogIn.m in Sources */ = {isa = PBXBuildFile; fileRef = 4A16ADAE1977F1C800BDE4D8 /* ViewControllerLogIn.m */; };
		4A16ADB41977F3E900BDE4D8 /* CSVParser.m in Sources */ = {isa = PBXBuildFile; fileRef = 4A16ADB21977F3E900BDE4D8 /* CSVParser.m */; };
		4A16ADB61977F40200BDE4D8 /* WAP.csv in Resources */ = {isa = PBXBuildFile; fileRef = 4A16ADB51977F40200BDE4D8 /* WAP.csv */; };
		4ABDC5CB1977B3B3009780EB /* Foundation.framework in Frameworks */ = {isa = PBXBuildFile; fileRef = 4ABDC5CA1977B3B3009780EB /* Foundation.framework */; };
		4ABDC5CD1977B3B3009780EB /* CoreGraphics.framework in Frameworks */ = {isa = PBXBuildFile; fileRef = 4ABDC5CC1977B3B3009780EB /* CoreGraphics.framework */; };
		4ABDC5CF1977B3B3009780EB /* UIKit.framework in Frameworks */ = {isa = PBXBuildFile; fileRef = 4ABDC5CE1977B3B3009780EB /* UIKit.framework */; };
		4ABDC5D51977B3B3009780EB /* InfoPlist.strings in Resources */ = {isa = PBXBuildFile; fileRef = 4ABDC5D31977B3B3009780EB /* InfoPlist.strings */; };
		4ABDC5D71977B3B3009780EB /* main.m in Sources */ = {isa = PBXBuildFile; fileRef = 4ABDC5D61977B3B3009780EB /* main.m */; };
		4ABDC5DB1977B3B3009780EB /* AppDelegate.m in Sources */ = {isa = PBXBuildFile; fileRef = 4ABDC5DA1977B3B3009780EB /* AppDelegate.m */; };
		4ABDC5DE1977B3B3009780EB /* Main.storyboard in Resources */ = {isa = PBXBuildFile; fileRef = 4ABDC5DC1977B3B3009780EB /* Main.storyboard */; };
		4ABDC5E31977B3B3009780EB /* Images.xcassets in Resources */ = {isa = PBXBuildFile; fileRef = 4ABDC5E21977B3B3009780EB /* Images.xcassets */; };
		4ABDC5EA1977B3B3009780EB /* XCTest.framework in Frameworks */ = {isa = PBXBuildFile; fileRef = 4ABDC5E91977B3B3009780EB /* XCTest.framework */; };
		4ABDC5EB1977B3B3009780EB /* Foundation.framework in Frameworks */ = {isa = PBXBuildFile; fileRef = 4ABDC5CA1977B3B3009780EB /* Foundation.framework */; };
		4ABDC5EC1977B3B3009780EB /* UIKit.framework in Frameworks */ = {isa = PBXBuildFile; fileRef = 4ABDC5CE1977B3B3009780EB /* UIKit.framework */; };
		4ABDC5F41977B3B3009780EB /* InfoPlist.strings in Resources */ = {isa = PBXBuildFile; fileRef = 4ABDC5F21977B3B3009780EB /* InfoPlist.strings */; };
		4ABDC5F61977B3B3009780EB /* RimoTests.m in Sources */ = {isa = PBXBuildFile; fileRef = 4ABDC5F51977B3B3009780EB /* RimoTests.m */; };
/* End PBXBuildFile section */

/* Begin PBXContainerItemProxy section */
		4ABDC5ED1977B3B3009780EB /* PBXContainerItemProxy */ = {
			isa = PBXContainerItemProxy;
			containerPortal = 4ABDC5BF1977B3B3009780EB /* Project object */;
			proxyType = 1;
			remoteGlobalIDString = 4ABDC5C61977B3B3009780EB;
			remoteInfo = Rimo;
		};
/* End PBXContainerItemProxy section */

/* Begin PBXFileReference section */
		4A16ADAA1977F1A100BDE4D8 /* ViewControllerHomeScreen.h */ = {isa = PBXFileReference; fileEncoding = 4; lastKnownFileType = sourcecode.c.h; name = ViewControllerHomeScreen.h; path = ../ViewControllerHomeScreen.h; sourceTree = "<group>"; };
		4A16ADAB1977F1A100BDE4D8 /* ViewControllerHomeScreen.m */ = {isa = PBXFileReference; fileEncoding = 4; lastKnownFileType = sourcecode.c.objc; name = ViewControllerHomeScreen.m; path = ../ViewControllerHomeScreen.m; sourceTree = "<group>"; };
		4A16ADAD1977F1C800BDE4D8 /* ViewControllerLogIn.h */ = {isa = PBXFileReference; fileEncoding = 4; lastKnownFileType = sourcecode.c.h; name = ViewControllerLogIn.h; path = ../ViewControllerLogIn.h; sourceTree = "<group>"; };
		4A16ADAE1977F1C800BDE4D8 /* ViewControllerLogIn.m */ = {isa = PBXFileReference; fileEncoding = 4; lastKnownFileType = sourcecode.c.objc; name = ViewControllerLogIn.m; path = ../ViewControllerLogIn.m; sourceTree = "<group>"; };
		4A16ADB21977F3E900BDE4D8 /* CSVParser.m */ = {isa = PBXFileReference; fileEncoding = 4; lastKnownFileType = sourcecode.c.objc; path = CSVParser.m; sourceTree = "<group>"; };
		4A16ADB31977F3E900BDE4D8 /* CSVParser.h */ = {isa = PBXFileReference; fileEncoding = 4; lastKnownFileType = sourcecode.c.h; path = CSVParser.h; sourceTree = "<group>"; };
		4A16ADB51977F40200BDE4D8 /* WAP.csv */ = {isa = PBXFileReference; fileEncoding = 4; lastKnownFileType = text; path = WAP.csv; sourceTree = "<group>"; };
		4ABDC5C71977B3B3009780EB /* Rimo.app */ = {isa = PBXFileReference; explicitFileType = wrapper.application; includeInIndex = 0; path = Rimo.app; sourceTree = BUILT_PRODUCTS_DIR; };
		4ABDC5CA1977B3B3009780EB /* Foundation.framework */ = {isa = PBXFileReference; lastKnownFileType = wrapper.framework; name = Foundation.framework; path = System/Library/Frameworks/Foundation.framework; sourceTree = SDKROOT; };
		4ABDC5CC1977B3B3009780EB /* CoreGraphics.framework */ = {isa = PBXFileReference; lastKnownFileType = wrapper.framework; name = CoreGraphics.framework; path = System/Library/Frameworks/CoreGraphics.framework; sourceTree = SDKROOT; };
		4ABDC5CE1977B3B3009780EB /* UIKit.framework */ = {isa = PBXFileReference; lastKnownFileType = wrapper.framework; name = UIKit.framework; path = System/Library/Frameworks/UIKit.framework; sourceTree = SDKROOT; };
		4ABDC5D21977B3B3009780EB /* Rimo-Info.plist */ = {isa = PBXFileReference; lastKnownFileType = text.plist.xml; path = "Rimo-Info.plist"; sourceTree = "<group>"; };
		4ABDC5D41977B3B3009780EB /* en */ = {isa = PBXFileReference; lastKnownFileType = text.plist.strings; name = en; path = en.lproj/InfoPlist.strings; sourceTree = "<group>"; };
		4ABDC5D61977B3B3009780EB /* main.m */ = {isa = PBXFileReference; lastKnownFileType = sourcecode.c.objc; path = main.m; sourceTree = "<group>"; };
		4ABDC5D81977B3B3009780EB /* Rimo-Prefix.pch */ = {isa = PBXFileReference; lastKnownFileType = sourcecode.c.h; path = "Rimo-Prefix.pch"; sourceTree = "<group>"; };
		4ABDC5D91977B3B3009780EB /* AppDelegate.h */ = {isa = PBXFileReference; lastKnownFileType = sourcecode.c.h; path = AppDelegate.h; sourceTree = "<group>"; };
		4ABDC5DA1977B3B3009780EB /* AppDelegate.m */ = {isa = PBXFileReference; lastKnownFileType = sourcecode.c.objc; path = AppDelegate.m; sourceTree = "<group>"; };
		4ABDC5DD1977B3B3009780EB /* Base */ = {isa = PBXFileReference; lastKnownFileType = file.storyboard; name = Base; path = Base.lproj/Main.storyboard; sourceTree = "<group>"; };
		4ABDC5E21977B3B3009780EB /* Images.xcassets */ = {isa = PBXFileReference; lastKnownFileType = folder.assetcatalog; path = Images.xcassets; sourceTree = "<group>"; };
		4ABDC5E81977B3B3009780EB /* RimoTests.xctest */ = {isa = PBXFileReference; explicitFileType = wrapper.cfbundle; includeInIndex = 0; path = RimoTests.xctest; sourceTree = BUILT_PRODUCTS_DIR; };
		4ABDC5E91977B3B3009780EB /* XCTest.framework */ = {isa = PBXFileReference; lastKnownFileType = wrapper.framework; name = XCTest.framework; path = Library/Frameworks/XCTest.framework; sourceTree = DEVELOPER_DIR; };
		4ABDC5F11977B3B3009780EB /* RimoTests-Info.plist */ = {isa = PBXFileReference; lastKnownFileType = text.plist.xml; path = "RimoTests-Info.plist"; sourceTree = "<group>"; };
		4ABDC5F31977B3B3009780EB /* en */ = {isa = PBXFileReference; lastKnownFileType = text.plist.strings; name = en; path = en.lproj/InfoPlist.strings; sourceTree = "<group>"; };
		4ABDC5F51977B3B3009780EB /* RimoTests.m */ = {isa = PBXFileReference; lastKnownFileType = sourcecode.c.objc; path = RimoTests.m; sourceTree = "<group>"; };
/* End PBXFileReference section */

/* Begin PBXFrameworksBuildPhase section */
		4ABDC5C41977B3B3009780EB /* Frameworks */ = {
			isa = PBXFrameworksBuildPhase;
			buildActionMask = 2147483647;
			files = (
				4ABDC5CD1977B3B3009780EB /* CoreGraphics.framework in Frameworks */,
				4ABDC5CF1977B3B3009780EB /* UIKit.framework in Frameworks */,
				4ABDC5CB1977B3B3009780EB /* Foundation.framework in Frameworks */,
			);
			runOnlyForDeploymentPostprocessing = 0;
		};
		4ABDC5E51977B3B3009780EB /* Frameworks */ = {
			isa = PBXFrameworksBuildPhase;
			buildActionMask = 2147483647;
			files = (
				4ABDC5EA1977B3B3009780EB /* XCTest.framework in Frameworks */,
				4ABDC5EC1977B3B3009780EB /* UIKit.framework in Frameworks */,
				4ABDC5EB1977B3B3009780EB /* Foundation.framework in Frameworks */,
			);
			runOnlyForDeploymentPostprocessing = 0;
		};
/* End PBXFrameworksBuildPhase section */

/* Begin PBXGroup section */
		4A16ADB01977F25000BDE4D8 /* CSVParser */ = {
			isa = PBXGroup;
			children = (
				4A16ADB51977F40200BDE4D8 /* WAP.csv */,
				4A16ADB21977F3E900BDE4D8 /* CSVParser.m */,
				4A16ADB31977F3E900BDE4D8 /* CSVParser.h */,
			);
			name = CSVParser;
			sourceTree = "<group>";
		};
		4A16ADB11977F25900BDE4D8 /* XMLParser */ = {
			isa = PBXGroup;
			children = (
			);
			name = XMLParser;
			sourceTree = "<group>";
		};
		4ABDC5BE1977B3B3009780EB = {
			isa = PBXGroup;
			children = (
				4ABDC5D01977B3B3009780EB /* Rimo */,
				4ABDC5EF1977B3B3009780EB /* RimoTests */,
				4ABDC5C91977B3B3009780EB /* Frameworks */,
				4ABDC5C81977B3B3009780EB /* Products */,
			);
			sourceTree = "<group>";
		};
		4ABDC5C81977B3B3009780EB /* Products */ = {
			isa = PBXGroup;
			children = (
				4ABDC5C71977B3B3009780EB /* Rimo.app */,
				4ABDC5E81977B3B3009780EB /* RimoTests.xctest */,
			);
			name = Products;
			sourceTree = "<group>";
		};
		4ABDC5C91977B3B3009780EB /* Frameworks */ = {
			isa = PBXGroup;
			children = (
				4ABDC5CA1977B3B3009780EB /* Foundation.framework */,
				4ABDC5CC1977B3B3009780EB /* CoreGraphics.framework */,
				4ABDC5CE1977B3B3009780EB /* UIKit.framework */,
				4ABDC5E91977B3B3009780EB /* XCTest.framework */,
			);
			name = Frameworks;
			sourceTree = "<group>";
		};
		4ABDC5D01977B3B3009780EB /* Rimo */ = {
			isa = PBXGroup;
			children = (
				4A16ADB11977F25900BDE4D8 /* XMLParser */,
				4A16ADB01977F25000BDE4D8 /* CSVParser */,
				4ABDC5D91977B3B3009780EB /* AppDelegate.h */,
				4ABDC5DA1977B3B3009780EB /* AppDelegate.m */,
				4ABDC5DC1977B3B3009780EB /* Main.storyboard */,
				4A16ADAD1977F1C800BDE4D8 /* ViewControllerLogIn.h */,
				4A16ADAE1977F1C800BDE4D8 /* ViewControllerLogIn.m */,
				4A16ADAA1977F1A100BDE4D8 /* ViewControllerHomeScreen.h */,
				4A16ADAB1977F1A100BDE4D8 /* ViewControllerHomeScreen.m */,
				4ABDC5E21977B3B3009780EB /* Images.xcassets */,
				4ABDC5D11977B3B3009780EB /* Supporting Files */,
			);
			path = Rimo;
			sourceTree = "<group>";
		};
		4ABDC5D11977B3B3009780EB /* Supporting Files */ = {
			isa = PBXGroup;
			children = (
				4ABDC5D21977B3B3009780EB /* Rimo-Info.plist */,
				4ABDC5D31977B3B3009780EB /* InfoPlist.strings */,
				4ABDC5D61977B3B3009780EB /* main.m */,
				4ABDC5D81977B3B3009780EB /* Rimo-Prefix.pch */,
			);
			name = "Supporting Files";
			sourceTree = "<group>";
		};
		4ABDC5EF1977B3B3009780EB /* RimoTests */ = {
			isa = PBXGroup;
			children = (
				4ABDC5F51977B3B3009780EB /* RimoTests.m */,
				4ABDC5F01977B3B3009780EB /* Supporting Files */,
			);
			path = RimoTests;
			sourceTree = "<group>";
		};
		4ABDC5F01977B3B3009780EB /* Supporting Files */ = {
			isa = PBXGroup;
			children = (
				4ABDC5F11977B3B3009780EB /* RimoTests-Info.plist */,
				4ABDC5F21977B3B3009780EB /* InfoPlist.strings */,
			);
			name = "Supporting Files";
			sourceTree = "<group>";
		};
/* End PBXGroup section */

/* Begin PBXNativeTarget section */
		4ABDC5C61977B3B3009780EB /* Rimo */ = {
			isa = PBXNativeTarget;
			buildConfigurationList = 4ABDC5F91977B3B3009780EB /* Build configuration list for PBXNativeTarget "Rimo" */;
			buildPhases = (
				4ABDC5C31977B3B3009780EB /* Sources */,
				4ABDC5C41977B3B3009780EB /* Frameworks */,
				4ABDC5C51977B3B3009780EB /* Resources */,
			);
			buildRules = (
			);
			dependencies = (
			);
			name = Rimo;
			productName = Rimo;
			productReference = 4ABDC5C71977B3B3009780EB /* Rimo.app */;
			productType = "com.apple.product-type.application";
		};
		4ABDC5E71977B3B3009780EB /* RimoTests */ = {
			isa = PBXNativeTarget;
			buildConfigurationList = 4ABDC5FC1977B3B3009780EB /* Build configuration list for PBXNativeTarget "RimoTests" */;
			buildPhases = (
				4ABDC5E41977B3B3009780EB /* Sources */,
				4ABDC5E51977B3B3009780EB /* Frameworks */,
				4ABDC5E61977B3B3009780EB /* Resources */,
			);
			buildRules = (
			);
			dependencies = (
				4ABDC5EE1977B3B3009780EB /* PBXTargetDependency */,
			);
			name = RimoTests;
			productName = RimoTests;
			productReference = 4ABDC5E81977B3B3009780EB /* RimoTests.xctest */;
			productType = "com.apple.product-type.bundle.unit-test";
		};
/* End PBXNativeTarget section */

/* Begin PBXProject section */
		4ABDC5BF1977B3B3009780EB /* Project object */ = {
			isa = PBXProject;
			attributes = {
				LastUpgradeCheck = 0510;
				ORGANIZATIONNAME = "___FULLUSERNAME___";
				TargetAttributes = {
					4ABDC5E71977B3B3009780EB = {
						TestTargetID = 4ABDC5C61977B3B3009780EB;
					};
				};
			};
			buildConfigurationList = 4ABDC5C21977B3B3009780EB /* Build configuration list for PBXProject "Rimo" */;
			compatibilityVersion = "Xcode 3.2";
			developmentRegion = English;
			hasScannedForEncodings = 0;
			knownRegions = (
				en,
				Base,
			);
			mainGroup = 4ABDC5BE1977B3B3009780EB;
			productRefGroup = 4ABDC5C81977B3B3009780EB /* Products */;
			projectDirPath = "";
			projectRoot = "";
			targets = (
				4ABDC5C61977B3B3009780EB /* Rimo */,
				4ABDC5E71977B3B3009780EB /* RimoTests */,
			);
		};
/* End PBXProject section */

/* Begin PBXResourcesBuildPhase section */
		4ABDC5C51977B3B3009780EB /* Resources */ = {
			isa = PBXResourcesBuildPhase;
			buildActionMask = 2147483647;
			files = (
				4ABDC5E31977B3B3009780EB /* Images.xcassets in Resources */,
				4A16ADB61977F40200BDE4D8 /* WAP.csv in Resources */,
				4ABDC5D51977B3B3009780EB /* InfoPlist.strings in Resources */,
				4ABDC5DE1977B3B3009780EB /* Main.storyboard in Resources */,
			);
			runOnlyForDeploymentPostprocessing = 0;
		};
		4ABDC5E61977B3B3009780EB /* Resources */ = {
			isa = PBXResourcesBuildPhase;
			buildActionMask = 2147483647;
			files = (
				4ABDC5F41977B3B3009780EB /* InfoPlist.strings in Resources */,
			);
			runOnlyForDeploymentPostprocessing = 0;
		};
/* End PBXResourcesBuildPhase section */

/* Begin PBXSourcesBuildPhase section */
		4ABDC5C31977B3B3009780EB /* Sources */ = {
			isa = PBXSourcesBuildPhase;
			buildActionMask = 2147483647;
			files = (
				4A16ADAF1977F1C800BDE4D8 /* ViewControllerLogIn.m in Sources */,
				4A16ADAC1977F1A100BDE4D8 /* ViewControllerHomeScreen.m in Sources */,
				4A16ADB41977F3E900BDE4D8 /* CSVParser.m in Sources */,
				4ABDC5DB1977B3B3009780EB /* AppDelegate.m in Sources */,
				4ABDC5D71977B3B3009780EB /* main.m in Sources */,
			);
			runOnlyForDeploymentPostprocessing = 0;
		};
		4ABDC5E41977B3B3009780EB /* Sources */ = {
			isa = PBXSourcesBuildPhase;
			buildActionMask = 2147483647;
			files = (
				4ABDC5F61977B3B3009780EB /* RimoTests.m in Sources */,
			);
			runOnlyForDeploymentPostprocessing = 0;
		};
/* End PBXSourcesBuildPhase section */

/* Begin PBXTargetDependency section */
		4ABDC5EE1977B3B3009780EB /* PBXTargetDependency */ = {
			isa = PBXTargetDependency;
			target = 4ABDC5C61977B3B3009780EB /* Rimo */;
			targetProxy = 4ABDC5ED1977B3B3009780EB /* PBXContainerItemProxy */;
		};
/* End PBXTargetDependency section */

/* Begin PBXVariantGroup section */
		4ABDC5D31977B3B3009780EB /* InfoPlist.strings */ = {
			isa = PBXVariantGroup;
			children = (
				4ABDC5D41977B3B3009780EB /* en */,
			);
			name = InfoPlist.strings;
			sourceTree = "<group>";
		};
		4ABDC5DC1977B3B3009780EB /* Main.storyboard */ = {
			isa = PBXVariantGroup;
			children = (
				4ABDC5DD1977B3B3009780EB /* Base */,
			);
			name = Main.storyboard;
			sourceTree = "<group>";
		};
		4ABDC5F21977B3B3009780EB /* InfoPlist.strings */ = {
			isa = PBXVariantGroup;
			children = (
				4ABDC5F31977B3B3009780EB /* en */,
			);
			name = InfoPlist.strings;
			sourceTree = "<group>";
		};
/* End PBXVariantGroup section */

/* Begin XCBuildConfiguration section */
		4ABDC5F71977B3B3009780EB /* Debug */ = {
			isa = XCBuildConfiguration;
			buildSettings = {
				ALWAYS_SEARCH_USER_PATHS = NO;
				CLANG_CXX_LANGUAGE_STANDARD = "gnu++0x";
				CLANG_CXX_LIBRARY = "libc++";
				CLANG_ENABLE_MODULES = YES;
				CLANG_ENABLE_OBJC_ARC = YES;
				CLANG_WARN_BOOL_CONVERSION = YES;
				CLANG_WARN_CONSTANT_CONVERSION = YES;
				CLANG_WARN_DIRECT_OBJC_ISA_USAGE = YES_ERROR;
				CLANG_WARN_EMPTY_BODY = YES;
				CLANG_WARN_ENUM_CONVERSION = YES;
				CLANG_WARN_INT_CONVERSION = YES;
				CLANG_WARN_OBJC_ROOT_CLASS = YES_ERROR;
				CLANG_WARN__DUPLICATE_METHOD_MATCH = YES;
				"CODE_SIGN_IDENTITY[sdk=iphoneos*]" = "iPhone Developer";
				COPY_PHASE_STRIP = NO;
				GCC_C_LANGUAGE_STANDARD = gnu99;
				GCC_DYNAMIC_NO_PIC = NO;
				GCC_OPTIMIZATION_LEVEL = 0;
				GCC_PREPROCESSOR_DEFINITIONS = (
					"DEBUG=1",
					"$(inherited)",
				);
				GCC_SYMBOLS_PRIVATE_EXTERN = NO;
				GCC_WARN_64_TO_32_BIT_CONVERSION = YES;
				GCC_WARN_ABOUT_RETURN_TYPE = YES_ERROR;
				GCC_WARN_UNDECLARED_SELECTOR = YES;
				GCC_WARN_UNINITIALIZED_AUTOS = YES_AGGRESSIVE;
				GCC_WARN_UNUSED_FUNCTION = YES;
				GCC_WARN_UNUSED_VARIABLE = YES;
				IPHONEOS_DEPLOYMENT_TARGET = 7.1;
				ONLY_ACTIVE_ARCH = YES;
				SDKROOT = iphoneos;
				TARGETED_DEVICE_FAMILY = 2;
			};
			name = Debug;
		};
		4ABDC5F81977B3B3009780EB /* Release */ = {
			isa = XCBuildConfiguration;
			buildSettings = {
				ALWAYS_SEARCH_USER_PATHS = NO;
				CLANG_CXX_LANGUAGE_STANDARD = "gnu++0x";
				CLANG_CXX_LIBRARY = "libc++";
				CLANG_ENABLE_MODULES = YES;
				CLANG_ENABLE_OBJC_ARC = YES;
				CLANG_WARN_BOOL_CONVERSION = YES;
				CLANG_WARN_CONSTANT_CONVERSION = YES;
				CLANG_WARN_DIRECT_OBJC_ISA_USAGE = YES_ERROR;
				CLANG_WARN_EMPTY_BODY = YES;
				CLANG_WARN_ENUM_CONVERSION = YES;
				CLANG_WARN_INT_CONVERSION = YES;
				CLANG_WARN_OBJC_ROOT_CLASS = YES_ERROR;
				CLANG_WARN__DUPLICATE_METHOD_MATCH = YES;
				"CODE_SIGN_IDENTITY[sdk=iphoneos*]" = "iPhone Developer";
				COPY_PHASE_STRIP = YES;
				ENABLE_NS_ASSERTIONS = NO;
				GCC_C_LANGUAGE_STANDARD = gnu99;
				GCC_WARN_64_TO_32_BIT_CONVERSION = YES;
				GCC_WARN_ABOUT_RETURN_TYPE = YES_ERROR;
				GCC_WARN_UNDECLARED_SELECTOR = YES;
				GCC_WARN_UNINITIALIZED_AUTOS = YES_AGGRESSIVE;
				GCC_WARN_UNUSED_FUNCTION = YES;
				GCC_WARN_UNUSED_VARIABLE = YES;
				IPHONEOS_DEPLOYMENT_TARGET = 7.1;
				SDKROOT = iphoneos;
				TARGETED_DEVICE_FAMILY = 2;
				VALIDATE_PRODUCT = YES;
			};
			name = Release;
		};
		4ABDC5FA1977B3B3009780EB /* Debug */ = {
			isa = XCBuildConfiguration;
			buildSettings = {
				ASSETCATALOG_COMPILER_APPICON_NAME = AppIcon;
				ASSETCATALOG_COMPILER_LAUNCHIMAGE_NAME = LaunchImage;
				GCC_PRECOMPILE_PREFIX_HEADER = YES;
				GCC_PREFIX_HEADER = "Rimo/Rimo-Prefix.pch";
				INFOPLIST_FILE = "Rimo/Rimo-Info.plist";
				PRODUCT_NAME = "$(TARGET_NAME)";
				WRAPPER_EXTENSION = app;
			};
			name = Debug;
		};
		4ABDC5FB1977B3B3009780EB /* Release */ = {
			isa = XCBuildConfiguration;
			buildSettings = {
				ASSETCATALOG_COMPILER_APPICON_NAME = AppIcon;
				ASSETCATALOG_COMPILER_LAUNCHIMAGE_NAME = LaunchImage;
				GCC_PRECOMPILE_PREFIX_HEADER = YES;
				GCC_PREFIX_HEADER = "Rimo/Rimo-Prefix.pch";
				INFOPLIST_FILE = "Rimo/Rimo-Info.plist";
				PRODUCT_NAME = "$(TARGET_NAME)";
				WRAPPER_EXTENSION = app;
			};
			name = Release;
		};
		4ABDC5FD1977B3B3009780EB /* Debug */ = {
			isa = XCBuildConfiguration;
			buildSettings = {
				BUNDLE_LOADER = "$(BUILT_PRODUCTS_DIR)/Rimo.app/Rimo";
				FRAMEWORK_SEARCH_PATHS = (
					"$(SDKROOT)/Developer/Library/Frameworks",
					"$(inherited)",
					"$(DEVELOPER_FRAMEWORKS_DIR)",
				);
				GCC_PRECOMPILE_PREFIX_HEADER = YES;
				GCC_PREFIX_HEADER = "Rimo/Rimo-Prefix.pch";
				GCC_PREPROCESSOR_DEFINITIONS = (
					"DEBUG=1",
					"$(inherited)",
				);
				INFOPLIST_FILE = "RimoTests/RimoTests-Info.plist";
				PRODUCT_NAME = "$(TARGET_NAME)";
				TEST_HOST = "$(BUNDLE_LOADER)";
				WRAPPER_EXTENSION = xctest;
			};
			name = Debug;
		};
		4ABDC5FE1977B3B3009780EB /* Release */ = {
			isa = XCBuildConfiguration;
			buildSettings = {
				BUNDLE_LOADER = "$(BUILT_PRODUCTS_DIR)/Rimo.app/Rimo";
				FRAMEWORK_SEARCH_PATHS = (
					"$(SDKROOT)/Developer/Library/Frameworks",
					"$(inherited)",
					"$(DEVELOPER_FRAMEWORKS_DIR)",
				);
				GCC_PRECOMPILE_PREFIX_HEADER = YES;
				GCC_PREFIX_HEADER = "Rimo/Rimo-Prefix.pch";
				INFOPLIST_FILE = "RimoTests/RimoTests-Info.plist";
				PRODUCT_NAME = "$(TARGET_NAME)";
				TEST_HOST = "$(BUNDLE_LOADER)";
				WRAPPER_EXTENSION = xctest;
			};
			name = Release;
		};
/* End XCBuildConfiguration section */

/* Begin XCConfigurationList section */
		4ABDC5C21977B3B3009780EB /* Build configuration list for PBXProject "Rimo" */ = {
			isa = XCConfigurationList;
			buildConfigurations = (
				4ABDC5F71977B3B3009780EB /* Debug */,
				4ABDC5F81977B3B3009780EB /* Release */,
			);
			defaultConfigurationIsVisible = 0;
			defaultConfigurationName = Release;
		};
		4ABDC5F91977B3B3009780EB /* Build configuration list for PBXNativeTarget "Rimo" */ = {
			isa = XCConfigurationList;
			buildConfigurations = (
				4ABDC5FA1977B3B3009780EB /* Debug */,
				4ABDC5FB1977B3B3009780EB /* Release */,
			);
			defaultConfigurationIsVisible = 0;
			defaultConfigurationName = Release;
		};
		4ABDC5FC1977B3B3009780EB /* Build configuration list for PBXNativeTarget "RimoTests" */ = {
			isa = XCConfigurationList;
			buildConfigurations = (
				4ABDC5FD1977B3B3009780EB /* Debug */,
				4ABDC5FE1977B3B3009780EB /* Release */,
			);
			defaultConfigurationIsVisible = 0;
			defaultConfigurationName = Release;
		};
/* End XCConfigurationList section */
	};
	rootObject = 4ABDC5BF1977B3B3009780EB /* Project object */;
}
